// !$*UTF8*$!
{
	archiveVersion = 1;
	classes = {
	};
	objectVersion = 46;
	objects = {

/* Begin PBXBuildFile section */
		8B0FCF681C2E993100AB1364 /* SDPhotoViewController.m in Sources */ = {isa = PBXBuildFile; fileRef = 8B0FCF671C2E993100AB1364 /* SDPhotoViewController.m */; };
		8B638AAC1C135EF200EC90B1 /* Assets.xcassets in Resources */ = {isa = PBXBuildFile; fileRef = 8B638AAB1C135EF200EC90B1 /* Assets.xcassets */; };
		8BCE75731C130A9A00D35E74 /* SDTableViewController.m in Sources */ = {isa = PBXBuildFile; fileRef = 8BCE75721C130A9A00D35E74 /* SDTableViewController.m */; };
		8BCE75761C133EC700D35E74 /* SDInputViewController.m in Sources */ = {isa = PBXBuildFile; fileRef = 8BCE75751C133EC700D35E74 /* SDInputViewController.m */; };
		8BD1E8801C1374610029674D /* SDLoginViewController.m in Sources */ = {isa = PBXBuildFile; fileRef = 8BD1E87F1C1374610029674D /* SDLoginViewController.m */; };
		8BDADAF41C09E114002682E4 /* main.m in Sources */ = {isa = PBXBuildFile; fileRef = 8BDADAF31C09E114002682E4 /* main.m */; };
		8BDADAF71C09E114002682E4 /* AppDelegate.m in Sources */ = {isa = PBXBuildFile; fileRef = 8BDADAF61C09E114002682E4 /* AppDelegate.m */; };
		8BDADAFA1C09E114002682E4 /* ViewController.m in Sources */ = {isa = PBXBuildFile; fileRef = 8BDADAF91C09E114002682E4 /* ViewController.m */; };
		8BDADAFD1C09E114002682E4 /* Main.storyboard in Resources */ = {isa = PBXBuildFile; fileRef = 8BDADAFB1C09E114002682E4 /* Main.storyboard */; };
		8BDADB021C09E114002682E4 /* LaunchScreen.storyboard in Resources */ = {isa = PBXBuildFile; fileRef = 8BDADB001C09E114002682E4 /* LaunchScreen.storyboard */; };
		8BDADB0D1C09E114002682E4 /* Safe_DriveTests.m in Sources */ = {isa = PBXBuildFile; fileRef = 8BDADB0C1C09E114002682E4 /* Safe_DriveTests.m */; };
		8BDADB181C09E114002682E4 /* Safe_DriveUITests.m in Sources */ = {isa = PBXBuildFile; fileRef = 8BDADB171C09E114002682E4 /* Safe_DriveUITests.m */; };
		8BDADB2A1C09F292002682E4 /* SDBrowserViewController.m in Sources */ = {isa = PBXBuildFile; fileRef = 8BDADB291C09F292002682E4 /* SDBrowserViewController.m */; };
		8BDADB2D1C0A06A3002682E4 /* SDMenuViewController.m in Sources */ = {isa = PBXBuildFile; fileRef = 8BDADB2C1C0A06A3002682E4 /* SDMenuViewController.m */; };
/* End PBXBuildFile section */

/* Begin PBXContainerItemProxy section */
		8BDADB091C09E114002682E4 /* PBXContainerItemProxy */ = {
			isa = PBXContainerItemProxy;
			containerPortal = 8BDADAE71C09E114002682E4 /* Project object */;
			proxyType = 1;
			remoteGlobalIDString = 8BDADAEE1C09E114002682E4;
			remoteInfo = "Safe Drive";
		};
		8BDADB141C09E114002682E4 /* PBXContainerItemProxy */ = {
			isa = PBXContainerItemProxy;
			containerPortal = 8BDADAE71C09E114002682E4 /* Project object */;
			proxyType = 1;
			remoteGlobalIDString = 8BDADAEE1C09E114002682E4;
			remoteInfo = "Safe Drive";
		};
/* End PBXContainerItemProxy section */

/* Begin PBXFileReference section */
		8B0FCF661C2E993100AB1364 /* SDPhotoViewController.h */ = {isa = PBXFileReference; fileEncoding = 4; lastKnownFileType = sourcecode.c.h; path = SDPhotoViewController.h; sourceTree = "<group>"; };
		8B0FCF671C2E993100AB1364 /* SDPhotoViewController.m */ = {isa = PBXFileReference; fileEncoding = 4; lastKnownFileType = sourcecode.c.objc; path = SDPhotoViewController.m; sourceTree = "<group>"; };
		8B638AAB1C135EF200EC90B1 /* Assets.xcassets */ = {isa = PBXFileReference; lastKnownFileType = folder.assetcatalog; path = Assets.xcassets; sourceTree = "<group>"; };
		8BCE75711C130A9A00D35E74 /* SDTableViewController.h */ = {isa = PBXFileReference; fileEncoding = 4; lastKnownFileType = sourcecode.c.h; path = SDTableViewController.h; sourceTree = "<group>"; };
		8BCE75721C130A9A00D35E74 /* SDTableViewController.m */ = {isa = PBXFileReference; fileEncoding = 4; lastKnownFileType = sourcecode.c.objc; path = SDTableViewController.m; sourceTree = "<group>"; };
		8BCE75741C133EC700D35E74 /* SDInputViewController.h */ = {isa = PBXFileReference; fileEncoding = 4; lastKnownFileType = sourcecode.c.h; path = SDInputViewController.h; sourceTree = "<group>"; };
		8BCE75751C133EC700D35E74 /* SDInputViewController.m */ = {isa = PBXFileReference; fileEncoding = 4; lastKnownFileType = sourcecode.c.objc; path = SDInputViewController.m; sourceTree = "<group>"; };
		8BD1E87E1C1374610029674D /* SDLoginViewController.h */ = {isa = PBXFileReference; fileEncoding = 4; lastKnownFileType = sourcecode.c.h; path = SDLoginViewController.h; sourceTree = "<group>"; };
		8BD1E87F1C1374610029674D /* SDLoginViewController.m */ = {isa = PBXFileReference; fileEncoding = 4; lastKnownFileType = sourcecode.c.objc; path = SDLoginViewController.m; sourceTree = "<group>"; };
		8BDADAEF1C09E114002682E4 /* Safe Drive.app */ = {isa = PBXFileReference; explicitFileType = wrapper.application; includeInIndex = 0; path = "Safe Drive.app"; sourceTree = BUILT_PRODUCTS_DIR; };
		8BDADAF31C09E114002682E4 /* main.m */ = {isa = PBXFileReference; lastKnownFileType = sourcecode.c.objc; path = main.m; sourceTree = "<group>"; };
		8BDADAF51C09E114002682E4 /* AppDelegate.h */ = {isa = PBXFileReference; lastKnownFileType = sourcecode.c.h; path = AppDelegate.h; sourceTree = "<group>"; };
		8BDADAF61C09E114002682E4 /* AppDelegate.m */ = {isa = PBXFileReference; lastKnownFileType = sourcecode.c.objc; path = AppDelegate.m; sourceTree = "<group>"; };
		8BDADAF81C09E114002682E4 /* ViewController.h */ = {isa = PBXFileReference; lastKnownFileType = sourcecode.c.h; path = ViewController.h; sourceTree = "<group>"; };
		8BDADAF91C09E114002682E4 /* ViewController.m */ = {isa = PBXFileReference; lastKnownFileType = sourcecode.c.objc; path = ViewController.m; sourceTree = "<group>"; };
		8BDADAFC1C09E114002682E4 /* Base */ = {isa = PBXFileReference; lastKnownFileType = file.storyboard; name = Base; path = Base.lproj/Main.storyboard; sourceTree = "<group>"; };
		8BDADB011C09E114002682E4 /* Base */ = {isa = PBXFileReference; lastKnownFileType = file.storyboard; name = Base; path = Base.lproj/LaunchScreen.storyboard; sourceTree = "<group>"; };
		8BDADB031C09E114002682E4 /* Info.plist */ = {isa = PBXFileReference; lastKnownFileType = text.plist.xml; path = Info.plist; sourceTree = "<group>"; };
		8BDADB081C09E114002682E4 /* Safe DriveTests.xctest */ = {isa = PBXFileReference; explicitFileType = wrapper.cfbundle; includeInIndex = 0; path = "Safe DriveTests.xctest"; sourceTree = BUILT_PRODUCTS_DIR; };
		8BDADB0C1C09E114002682E4 /* Safe_DriveTests.m */ = {isa = PBXFileReference; lastKnownFileType = sourcecode.c.objc; path = Safe_DriveTests.m; sourceTree = "<group>"; };
		8BDADB0E1C09E114002682E4 /* Info.plist */ = {isa = PBXFileReference; lastKnownFileType = text.plist.xml; path = Info.plist; sourceTree = "<group>"; };
		8BDADB131C09E114002682E4 /* Safe DriveUITests.xctest */ = {isa = PBXFileReference; explicitFileType = wrapper.cfbundle; includeInIndex = 0; path = "Safe DriveUITests.xctest"; sourceTree = BUILT_PRODUCTS_DIR; };
		8BDADB171C09E114002682E4 /* Safe_DriveUITests.m */ = {isa = PBXFileReference; lastKnownFileType = sourcecode.c.objc; path = Safe_DriveUITests.m; sourceTree = "<group>"; };
		8BDADB191C09E114002682E4 /* Info.plist */ = {isa = PBXFileReference; lastKnownFileType = text.plist.xml; path = Info.plist; sourceTree = "<group>"; };
		8BDADB281C09F292002682E4 /* SDBrowserViewController.h */ = {isa = PBXFileReference; fileEncoding = 4; lastKnownFileType = sourcecode.c.h; path = SDBrowserViewController.h; sourceTree = "<group>"; };
		8BDADB291C09F292002682E4 /* SDBrowserViewController.m */ = {isa = PBXFileReference; fileEncoding = 4; lastKnownFileType = sourcecode.c.objc; path = SDBrowserViewController.m; sourceTree = "<group>"; };
		8BDADB2B1C0A06A3002682E4 /* SDMenuViewController.h */ = {isa = PBXFileReference; fileEncoding = 4; lastKnownFileType = sourcecode.c.h; path = SDMenuViewController.h; sourceTree = "<group>"; };
		8BDADB2C1C0A06A3002682E4 /* SDMenuViewController.m */ = {isa = PBXFileReference; fileEncoding = 4; lastKnownFileType = sourcecode.c.objc; path = SDMenuViewController.m; sourceTree = "<group>"; };
/* End PBXFileReference section */

/* Begin PBXFrameworksBuildPhase section */
		8BDADAEC1C09E114002682E4 /* Frameworks */ = {
			isa = PBXFrameworksBuildPhase;
			buildActionMask = 2147483647;
			files = (
			);
			runOnlyForDeploymentPostprocessing = 0;
		};
		8BDADB051C09E114002682E4 /* Frameworks */ = {
			isa = PBXFrameworksBuildPhase;
			buildActionMask = 2147483647;
			files = (
			);
			runOnlyForDeploymentPostprocessing = 0;
		};
		8BDADB101C09E114002682E4 /* Frameworks */ = {
			isa = PBXFrameworksBuildPhase;
			buildActionMask = 2147483647;
			files = (
			);
			runOnlyForDeploymentPostprocessing = 0;
		};
/* End PBXFrameworksBuildPhase section */

/* Begin PBXGroup section */
		8B0FCF691C2E996400AB1364 /* EntertainViewControllers */ = {
			isa = PBXGroup;
			children = (
				8BDADB281C09F292002682E4 /* SDBrowserViewController.h */,
				8BDADB291C09F292002682E4 /* SDBrowserViewController.m */,
				8B0FCF661C2E993100AB1364 /* SDPhotoViewController.h */,
				8B0FCF671C2E993100AB1364 /* SDPhotoViewController.m */,
			);
			name = EntertainViewControllers;
			sourceTree = "<group>";
		};
		8B638AAA1C135A0700EC90B1 /* DefaltProjectFiles */ = {
			isa = PBXGroup;
			children = (
				8BDADAF51C09E114002682E4 /* AppDelegate.h */,
				8BDADAF61C09E114002682E4 /* AppDelegate.m */,
				8BDADAF81C09E114002682E4 /* ViewController.h */,
				8BDADAF91C09E114002682E4 /* ViewController.m */,
				8B638AAB1C135EF200EC90B1 /* Assets.xcassets */,
				8BDADB031C09E114002682E4 /* Info.plist */,
			);
			name = DefaltProjectFiles;
			sourceTree = "<group>";
		};
		8BCE75771C13578500D35E74 /* PassViewControllers */ = {
			isa = PBXGroup;
			children = (
				8BCE75711C130A9A00D35E74 /* SDTableViewController.h */,
				8BCE75721C130A9A00D35E74 /* SDTableViewController.m */,
				8BCE75741C133EC700D35E74 /* SDInputViewController.h */,
				8BCE75751C133EC700D35E74 /* SDInputViewController.m */,
			);
			name = PassViewControllers;
			sourceTree = "<group>";
		};
		8BCE75781C1357FD00D35E74 /* StartViewControllers */ = {
			isa = PBXGroup;
			children = (
				8BDADB2B1C0A06A3002682E4 /* SDMenuViewController.h */,
				8BDADB2C1C0A06A3002682E4 /* SDMenuViewController.m */,
				8BD1E87E1C1374610029674D /* SDLoginViewController.h */,
				8BD1E87F1C1374610029674D /* SDLoginViewController.m */,
			);
			name = StartViewControllers;
			sourceTree = "<group>";
		};
		8BDADAE61C09E114002682E4 = {
			isa = PBXGroup;
			children = (
				8BDADAF11C09E114002682E4 /* Safe Drive */,
				8BDADB0B1C09E114002682E4 /* Safe DriveTests */,
				8BDADB161C09E114002682E4 /* Safe DriveUITests */,
				8BDADAF01C09E114002682E4 /* Products */,
			);
			sourceTree = "<group>";
		};
		8BDADAF01C09E114002682E4 /* Products */ = {
			isa = PBXGroup;
			children = (
				8BDADAEF1C09E114002682E4 /* Safe Drive.app */,
				8BDADB081C09E114002682E4 /* Safe DriveTests.xctest */,
				8BDADB131C09E114002682E4 /* Safe DriveUITests.xctest */,
			);
			name = Products;
			sourceTree = "<group>";
		};
		8BDADAF11C09E114002682E4 /* Safe Drive */ = {
			isa = PBXGroup;
			children = (
				8B638AAA1C135A0700EC90B1 /* DefaltProjectFiles */,
				8BCE75781C1357FD00D35E74 /* StartViewControllers */,
				8BCE75771C13578500D35E74 /* PassViewControllers */,
				8B0FCF691C2E996400AB1364 /* EntertainViewControllers */,
				8BDADAFB1C09E114002682E4 /* Main.storyboard */,
				8BDADB001C09E114002682E4 /* LaunchScreen.storyboard */,
				8BDADAF21C09E114002682E4 /* Supporting Files */,
			);
			path = "Safe Drive";
			sourceTree = "<group>";
		};
		8BDADAF21C09E114002682E4 /* Supporting Files */ = {
			isa = PBXGroup;
			children = (
				8BDADAF31C09E114002682E4 /* main.m */,
			);
			name = "Supporting Files";
			sourceTree = "<group>";
		};
		8BDADB0B1C09E114002682E4 /* Safe DriveTests */ = {
			isa = PBXGroup;
			children = (
				8BDADB0C1C09E114002682E4 /* Safe_DriveTests.m */,
				8BDADB0E1C09E114002682E4 /* Info.plist */,
			);
			path = "Safe DriveTests";
			sourceTree = "<group>";
		};
		8BDADB161C09E114002682E4 /* Safe DriveUITests */ = {
			isa = PBXGroup;
			children = (
				8BDADB171C09E114002682E4 /* Safe_DriveUITests.m */,
				8BDADB191C09E114002682E4 /* Info.plist */,
			);
			path = "Safe DriveUITests";
			sourceTree = "<group>";
		};
/* End PBXGroup section */

/* Begin PBXNativeTarget section */
		8BDADAEE1C09E114002682E4 /* Safe Drive */ = {
			isa = PBXNativeTarget;
			buildConfigurationList = 8BDADB1C1C09E114002682E4 /* Build configuration list for PBXNativeTarget "Safe Drive" */;
			buildPhases = (
				8BDADAEB1C09E114002682E4 /* Sources */,
				8BDADAEC1C09E114002682E4 /* Frameworks */,
				8BDADAED1C09E114002682E4 /* Resources */,
			);
			buildRules = (
			);
			dependencies = (
			);
			name = "Safe Drive";
			productName = "Safe Drive";
			productReference = 8BDADAEF1C09E114002682E4 /* Safe Drive.app */;
			productType = "com.apple.product-type.application";
		};
		8BDADB071C09E114002682E4 /* Safe DriveTests */ = {
			isa = PBXNativeTarget;
			buildConfigurationList = 8BDADB1F1C09E114002682E4 /* Build configuration list for PBXNativeTarget "Safe DriveTests" */;
			buildPhases = (
				8BDADB041C09E114002682E4 /* Sources */,
				8BDADB051C09E114002682E4 /* Frameworks */,
				8BDADB061C09E114002682E4 /* Resources */,
			);
			buildRules = (
			);
			dependencies = (
				8BDADB0A1C09E114002682E4 /* PBXTargetDependency */,
			);
			name = "Safe DriveTests";
			productName = "Safe DriveTests";
			productReference = 8BDADB081C09E114002682E4 /* Safe DriveTests.xctest */;
			productType = "com.apple.product-type.bundle.unit-test";
		};
		8BDADB121C09E114002682E4 /* Safe DriveUITests */ = {
			isa = PBXNativeTarget;
			buildConfigurationList = 8BDADB221C09E114002682E4 /* Build configuration list for PBXNativeTarget "Safe DriveUITests" */;
			buildPhases = (
				8BDADB0F1C09E114002682E4 /* Sources */,
				8BDADB101C09E114002682E4 /* Frameworks */,
				8BDADB111C09E114002682E4 /* Resources */,
			);
			buildRules = (
			);
			dependencies = (
				8BDADB151C09E114002682E4 /* PBXTargetDependency */,
			);
			name = "Safe DriveUITests";
			productName = "Safe DriveUITests";
			productReference = 8BDADB131C09E114002682E4 /* Safe DriveUITests.xctest */;
			productType = "com.apple.product-type.bundle.ui-testing";
		};
/* End PBXNativeTarget section */

/* Begin PBXProject section */
		8BDADAE71C09E114002682E4 /* Project object */ = {
			isa = PBXProject;
			attributes = {
				CLASSPREFIX = SD;
				LastUpgradeCheck = 0710;
				ORGANIZATIONNAME = "Stolyarenko K.S.";
				TargetAttributes = {
					8BDADAEE1C09E114002682E4 = {
						CreatedOnToolsVersion = 7.1.1;
						DevelopmentTeam = 487D8YHE27;
					};
					8BDADB071C09E114002682E4 = {
						CreatedOnToolsVersion = 7.1.1;
						DevelopmentTeam = 487D8YHE27;
						TestTargetID = 8BDADAEE1C09E114002682E4;
					};
					8BDADB121C09E114002682E4 = {
						CreatedOnToolsVersion = 7.1.1;
						DevelopmentTeam = 487D8YHE27;
						TestTargetID = 8BDADAEE1C09E114002682E4;
					};
				};
			};
			buildConfigurationList = 8BDADAEA1C09E114002682E4 /* Build configuration list for PBXProject "Safe Drive" */;
			compatibilityVersion = "Xcode 3.2";
			developmentRegion = English;
			hasScannedForEncodings = 0;
			knownRegions = (
				en,
				Base,
			);
			mainGroup = 8BDADAE61C09E114002682E4;
			productRefGroup = 8BDADAF01C09E114002682E4 /* Products */;
			projectDirPath = "";
			projectRoot = "";
			targets = (
				8BDADAEE1C09E114002682E4 /* Safe Drive */,
				8BDADB071C09E114002682E4 /* Safe DriveTests */,
				8BDADB121C09E114002682E4 /* Safe DriveUITests */,
			);
		};
/* End PBXProject section */

/* Begin PBXResourcesBuildPhase section */
		8BDADAED1C09E114002682E4 /* Resources */ = {
			isa = PBXResourcesBuildPhase;
			buildActionMask = 2147483647;
			files = (
				8BDADB021C09E114002682E4 /* LaunchScreen.storyboard in Resources */,
				8B638AAC1C135EF200EC90B1 /* Assets.xcassets in Resources */,
				8BDADAFD1C09E114002682E4 /* Main.storyboard in Resources */,
			);
			runOnlyForDeploymentPostprocessing = 0;
		};
		8BDADB061C09E114002682E4 /* Resources */ = {
			isa = PBXResourcesBuildPhase;
			buildActionMask = 2147483647;
			files = (
			);
			runOnlyForDeploymentPostprocessing = 0;
		};
		8BDADB111C09E114002682E4 /* Resources */ = {
			isa = PBXResourcesBuildPhase;
			buildActionMask = 2147483647;
			files = (
			);
			runOnlyForDeploymentPostprocessing = 0;
		};
/* End PBXResourcesBuildPhase section */

/* Begin PBXSourcesBuildPhase section */
		8BDADAEB1C09E114002682E4 /* Sources */ = {
			isa = PBXSourcesBuildPhase;
			buildActionMask = 2147483647;
			files = (
				8BCE75761C133EC700D35E74 /* SDInputViewController.m in Sources */,
				8BD1E8801C1374610029674D /* SDLoginViewController.m in Sources */,
				8BDADB2D1C0A06A3002682E4 /* SDMenuViewController.m in Sources */,
				8BDADAFA1C09E114002682E4 /* ViewController.m in Sources */,
				8BDADB2A1C09F292002682E4 /* SDBrowserViewController.m in Sources */,
				8BDADAF71C09E114002682E4 /* AppDelegate.m in Sources */,
				8BCE75731C130A9A00D35E74 /* SDTableViewController.m in Sources */,
				8B0FCF681C2E993100AB1364 /* SDPhotoViewController.m in Sources */,
				8BDADAF41C09E114002682E4 /* main.m in Sources */,
			);
			runOnlyForDeploymentPostprocessing = 0;
		};
		8BDADB041C09E114002682E4 /* Sources */ = {
			isa = PBXSourcesBuildPhase;
			buildActionMask = 2147483647;
			files = (
				8BDADB0D1C09E114002682E4 /* Safe_DriveTests.m in Sources */,
			);
			runOnlyForDeploymentPostprocessing = 0;
		};
		8BDADB0F1C09E114002682E4 /* Sources */ = {
			isa = PBXSourcesBuildPhase;
			buildActionMask = 2147483647;
			files = (
				8BDADB181C09E114002682E4 /* Safe_DriveUITests.m in Sources */,
			);
			runOnlyForDeploymentPostprocessing = 0;
		};
/* End PBXSourcesBuildPhase section */

/* Begin PBXTargetDependency section */
		8BDADB0A1C09E114002682E4 /* PBXTargetDependency */ = {
			isa = PBXTargetDependency;
			target = 8BDADAEE1C09E114002682E4 /* Safe Drive */;
			targetProxy = 8BDADB091C09E114002682E4 /* PBXContainerItemProxy */;
		};
		8BDADB151C09E114002682E4 /* PBXTargetDependency */ = {
			isa = PBXTargetDependency;
			target = 8BDADAEE1C09E114002682E4 /* Safe Drive */;
			targetProxy = 8BDADB141C09E114002682E4 /* PBXContainerItemProxy */;
		};
/* End PBXTargetDependency section */

/* Begin PBXVariantGroup section */
		8BDADAFB1C09E114002682E4 /* Main.storyboard */ = {
			isa = PBXVariantGroup;
			children = (
				8BDADAFC1C09E114002682E4 /* Base */,
			);
			name = Main.storyboard;
			sourceTree = "<group>";
		};
		8BDADB001C09E114002682E4 /* LaunchScreen.storyboard */ = {
			isa = PBXVariantGroup;
			children = (
				8BDADB011C09E114002682E4 /* Base */,
			);
			name = LaunchScreen.storyboard;
			sourceTree = "<group>";
		};
/* End PBXVariantGroup section */

/* Begin XCBuildConfiguration section */
		8BDADB1A1C09E114002682E4 /* Debug */ = {
			isa = XCBuildConfiguration;
			buildSettings = {
				ALWAYS_SEARCH_USER_PATHS = NO;
				CLANG_CXX_LANGUAGE_STANDARD = "gnu++0x";
				CLANG_CXX_LIBRARY = "libc++";
				CLANG_ENABLE_MODULES = YES;
				CLANG_ENABLE_OBJC_ARC = YES;
				CLANG_WARN_BOOL_CONVERSION = YES;
				CLANG_WARN_CONSTANT_CONVERSION = YES;
				CLANG_WARN_DIRECT_OBJC_ISA_USAGE = YES_ERROR;
				CLANG_WARN_EMPTY_BODY = YES;
				CLANG_WARN_ENUM_CONVERSION = YES;
				CLANG_WARN_INT_CONVERSION = YES;
				CLANG_WARN_OBJC_ROOT_CLASS = YES_ERROR;
				CLANG_WARN_UNREACHABLE_CODE = YES;
				CLANG_WARN__DUPLICATE_METHOD_MATCH = YES;
				"CODE_SIGN_IDENTITY[sdk=iphoneos*]" = "iPhone Developer";
				COPY_PHASE_STRIP = NO;
				DEBUG_INFORMATION_FORMAT = dwarf;
				ENABLE_STRICT_OBJC_MSGSEND = YES;
				ENABLE_TESTABILITY = YES;
				GCC_C_LANGUAGE_STANDARD = gnu99;
				GCC_DYNAMIC_NO_PIC = NO;
				GCC_NO_COMMON_BLOCKS = YES;
				GCC_OPTIMIZATION_LEVEL = 0;
				GCC_PREPROCESSOR_DEFINITIONS = (
					"DEBUG=1",
					"$(inherited)",
				);
				GCC_WARN_64_TO_32_BIT_CONVERSION = YES;
				GCC_WARN_ABOUT_RETURN_TYPE = YES_ERROR;
				GCC_WARN_UNDECLARED_SELECTOR = YES;
				GCC_WARN_UNINITIALIZED_AUTOS = YES_AGGRESSIVE;
				GCC_WARN_UNUSED_FUNCTION = YES;
				GCC_WARN_UNUSED_VARIABLE = YES;
				IPHONEOS_DEPLOYMENT_TARGET = 9.1;
				MTL_ENABLE_DEBUG_INFO = YES;
				ONLY_ACTIVE_ARCH = YES;
				SDKROOT = iphoneos;
			};
			name = Debug;
		};
		8BDADB1B1C09E114002682E4 /* Release */ = {
			isa = XCBuildConfiguration;
			buildSettings = {
				ALWAYS_SEARCH_USER_PATHS = NO;
				CLANG_CXX_LANGUAGE_STANDARD = "gnu++0x";
				CLANG_CXX_LIBRARY = "libc++";
				CLANG_ENABLE_MODULES = YES;
				CLANG_ENABLE_OBJC_ARC = YES;
				CLANG_WARN_BOOL_CONVERSION = YES;
				CLANG_WARN_CONSTANT_CONVERSION = YES;
				CLANG_WARN_DIRECT_OBJC_ISA_USAGE = YES_ERROR;
				CLANG_WARN_EMPTY_BODY = YES;
				CLANG_WARN_ENUM_CONVERSION = YES;
				CLANG_WARN_INT_CONVERSION = YES;
				CLANG_WARN_OBJC_ROOT_CLASS = YES_ERROR;
				CLANG_WARN_UNREACHABLE_CODE = YES;
				CLANG_WARN__DUPLICATE_METHOD_MATCH = YES;
				"CODE_SIGN_IDENTITY[sdk=iphoneos*]" = "iPhone Developer";
				COPY_PHASE_STRIP = NO;
				DEBUG_INFORMATION_FORMAT = "dwarf-with-dsym";
				ENABLE_NS_ASSERTIONS = NO;
				ENABLE_STRICT_OBJC_MSGSEND = YES;
				GCC_C_LANGUAGE_STANDARD = gnu99;
				GCC_NO_COMMON_BLOCKS = YES;
				GCC_WARN_64_TO_32_BIT_CONVERSION = YES;
				GCC_WARN_ABOUT_RETURN_TYPE = YES_ERROR;
				GCC_WARN_UNDECLARED_SELECTOR = YES;
				GCC_WARN_UNINITIALIZED_AUTOS = YES_AGGRESSIVE;
				GCC_WARN_UNUSED_FUNCTION = YES;
				GCC_WARN_UNUSED_VARIABLE = YES;
				IPHONEOS_DEPLOYMENT_TARGET = 9.1;
				MTL_ENABLE_DEBUG_INFO = NO;
				SDKROOT = iphoneos;
				VALIDATE_PRODUCT = YES;
			};
			name = Release;
		};
		8BDADB1D1C09E114002682E4 /* Debug */ = {
			isa = XCBuildConfiguration;
			buildSettings = {
				ASSETCATALOG_COMPILER_APPICON_NAME = AppIcon;
				INFOPLIST_FILE = "Safe Drive/Info.plist";
				IPHONEOS_DEPLOYMENT_TARGET = 9.0;
				LD_RUNPATH_SEARCH_PATHS = "$(inherited) @executable_path/Frameworks";
				PRODUCT_BUNDLE_IDENTIFIER = "SKS.Safe-Drive";
				PRODUCT_NAME = "$(TARGET_NAME)";
			};
			name = Debug;
		};
		8BDADB1E1C09E114002682E4 /* Release */ = {
			isa = XCBuildConfiguration;
			buildSettings = {
				ASSETCATALOG_COMPILER_APPICON_NAME = AppIcon;
				INFOPLIST_FILE = "Safe Drive/Info.plist";
				IPHONEOS_DEPLOYMENT_TARGET = 9.0;
				LD_RUNPATH_SEARCH_PATHS = "$(inherited) @executable_path/Frameworks";
				PRODUCT_BUNDLE_IDENTIFIER = "SKS.Safe-Drive";
				PRODUCT_NAME = "$(TARGET_NAME)";
			};
			name = Release;
		};
		8BDADB201C09E114002682E4 /* Debug */ = {
			isa = XCBuildConfiguration;
			buildSettings = {
				BUNDLE_LOADER = "$(TEST_HOST)";
				INFOPLIST_FILE = "Safe DriveTests/Info.plist";
				LD_RUNPATH_SEARCH_PATHS = "$(inherited) @executable_path/Frameworks @loader_path/Frameworks";
				PRODUCT_BUNDLE_IDENTIFIER = "SKS.Safe-DriveTests";
				PRODUCT_NAME = "$(TARGET_NAME)";
				TEST_HOST = "$(BUILT_PRODUCTS_DIR)/Safe Drive.app/Safe Drive";
			};
			name = Debug;
		};
		8BDADB211C09E114002682E4 /* Release */ = {
			isa = XCBuildConfiguration;
			buildSettings = {
				BUNDLE_LOADER = "$(TEST_HOST)";
				INFOPLIST_FILE = "Safe DriveTests/Info.plist";
				LD_RUNPATH_SEARCH_PATHS = "$(inherited) @executable_path/Frameworks @loader_path/Frameworks";
				PRODUCT_BUNDLE_IDENTIFIER = "SKS.Safe-DriveTests";
				PRODUCT_NAME = "$(TARGET_NAME)";
				TEST_HOST = "$(BUILT_PRODUCTS_DIR)/Safe Drive.app/Safe Drive";
			};
			name = Release;
		};
		8BDADB231C09E114002682E4 /* Debug */ = {
			isa = XCBuildConfiguration;
			buildSettings = {
				INFOPLIST_FILE = "Safe DriveUITests/Info.plist";
				LD_RUNPATH_SEARCH_PATHS = "$(inherited) @executable_path/Frameworks @loader_path/Frameworks";
				PRODUCT_BUNDLE_IDENTIFIER = "SKS.Safe-DriveUITests";
				PRODUCT_NAME = "$(TARGET_NAME)";
				TEST_TARGET_NAME = "Safe Drive";
				USES_XCTRUNNER = YES;
			};
			name = Debug;
		};
		8BDADB241C09E114002682E4 /* Release */ = {
			isa = XCBuildConfiguration;
			buildSettings = {
				INFOPLIST_FILE = "Safe DriveUITests/Info.plist";
				LD_RUNPATH_SEARCH_PATHS = "$(inherited) @executable_path/Frameworks @loader_path/Frameworks";
				PRODUCT_BUNDLE_IDENTIFIER = "SKS.Safe-DriveUITests";
				PRODUCT_NAME = "$(TARGET_NAME)";
				TEST_TARGET_NAME = "Safe Drive";
				USES_XCTRUNNER = YES;
			};
			name = Release;
		};
/* End XCBuildConfiguration section */

/* Begin XCConfigurationList section */
		8BDADAEA1C09E114002682E4 /* Build configuration list for PBXProject "Safe Drive" */ = {
			isa = XCConfigurationList;
			buildConfigurations = (
				8BDADB1A1C09E114002682E4 /* Debug */,
				8BDADB1B1C09E114002682E4 /* Release */,
			);
			defaultConfigurationIsVisible = 0;
			defaultConfigurationName = Release;
		};
		8BDADB1C1C09E114002682E4 /* Build configuration list for PBXNativeTarget "Safe Drive" */ = {
			isa = XCConfigurationList;
			buildConfigurations = (
				8BDADB1D1C09E114002682E4 /* Debug */,
				8BDADB1E1C09E114002682E4 /* Release */,
			);
			defaultConfigurationIsVisible = 0;
			defaultConfigurationName = Release;
		};
		8BDADB1F1C09E114002682E4 /* Build configuration list for PBXNativeTarget "Safe DriveTests" */ = {
			isa = XCConfigurationList;
			buildConfigurations = (
				8BDADB201C09E114002682E4 /* Debug */,
				8BDADB211C09E114002682E4 /* Release */,
			);
			defaultConfigurationIsVisible = 0;
			defaultConfigurationName = Release;
		};
		8BDADB221C09E114002682E4 /* Build configuration list for PBXNativeTarget "Safe DriveUITests" */ = {
			isa = XCConfigurationList;
			buildConfigurations = (
				8BDADB231C09E114002682E4 /* Debug */,
				8BDADB241C09E114002682E4 /* Release */,
			);
			defaultConfigurationIsVisible = 0;
			defaultConfigurationName = Release;
		};
/* End XCConfigurationList section */
	};
	rootObject = 8BDADAE71C09E114002682E4 /* Project object */;
}
